
Microsoft Visual Studio Solution File, Format Version 12.00
# Visual Studio Version 17
VisualStudioVersion = 17.0.31912.275
MinimumVisualStudioVersion = 10.0.40219.1
Project("{FAE04EC0-301F-11D3-BF4B-00C04F79EFBC}") = "ConsoleApp1", "ConsoleApp1\ConsoleApp1.csproj", "{D2D12FB6-C53D-43C8-BF1B-25072B4D659E}"
EndProject
Project("{FAE04EC0-301F-11D3-BF4B-00C04F79EFBC}") = "myfor", "myfor\myfor.csproj", "{A80EA9FE-7608-405D-B6B9-12DD8F9859C4}"
EndProject
Global
	GlobalSection(SolutionConfigurationPlatforms) = preSolution
		Debug|Any CPU = Debug|Any CPU
		Release|Any CPU = Release|Any CPU
	EndGlobalSection
	GlobalSection(ProjectConfigurationPlatforms) = postSolution
		{D2D12FB6-C53D-43C8-BF1B-25072B4D659E}.Debug|Any CPU.ActiveCfg = Debug|Any CPU
		{D2D12FB6-C53D-43C8-BF1B-25072B4D659E}.Debug|Any CPU.Build.0 = Debug|Any CPU
		{D2D12FB6-C53D-43C8-BF1B-25072B4D659E}.Release|Any CPU.ActiveCfg = Release|Any CPU
		{D2D12FB6-C53D-43C8-BF1B-25072B4D659E}.Release|Any CPU.Build.0 = Release|Any CPU
		{A80EA9FE-7608-405D-B6B9-12DD8F9859C4}.Debug|Any CPU.ActiveCfg = Debug|Any CPU
		{A80EA9FE-7608-405D-B6B9-12DD8F9859C4}.Debug|Any CPU.Build.0 = Debug|Any CPU
		{A80EA9FE-7608-405D-B6B9-12DD8F9859C4}.Release|Any CPU.ActiveCfg = Release|Any CPU
		{A80EA9FE-7608-405D-B6B9-12DD8F9859C4}.Release|Any CPU.Build.0 = Release|Any CPU
	EndGlobalSection
	GlobalSection(SolutionProperties) = preSolution
		HideSolutionNode = FALSE
	EndGlobalSection
	GlobalSection(ExtensibilityGlobals) = postSolution
		SolutionGuid = {7C67D975-B673-4BFD-98A5-15D227BFA755}
	EndGlobalSection
EndGlobal
